
Microsoft Visual Studio Solution File, Format Version 12.00
# Visual Studio Version 16
VisualStudioVersion = 16.0.30114.105
MinimumVisualStudioVersion = 10.0.40219.1
Project("{FAE04EC0-301F-11D3-BF4B-00C04F79EFBC}") = "JupiterTestHelper", "JupiterTestHelper\JupiterTestHelper.csproj", "{9D793409-AB5F-43D4-955F-B44B94C7BE57}"
EndProject
Project("{FAE04EC0-301F-11D3-BF4B-00C04F79EFBC}") = "JupiterNunitTests", "JupiterNunitTests\JupiterNunitTests.csproj", "{ABB812F5-C104-45D1-B807-AB91D2AAD494}"
EndProject
Project("{FAE04EC0-301F-11D3-BF4B-00C04F79EFBC}") = "JupiterToysTestReporting", "JupiterToysTestReporting\JupiterToysTestReporting.csproj", "{4482333D-5FEF-4D5C-A630-095DEE97A0B2}"
EndProject
Global
	GlobalSection(SolutionConfigurationPlatforms) = preSolution
		Debug|Any CPU = Debug|Any CPU
		Release|Any CPU = Release|Any CPU
	EndGlobalSection
	GlobalSection(SolutionProperties) = preSolution
		HideSolutionNode = FALSE
	EndGlobalSection
	GlobalSection(ProjectConfigurationPlatforms) = postSolution
		{9D793409-AB5F-43D4-955F-B44B94C7BE57}.Debug|Any CPU.ActiveCfg = Debug|Any CPU
		{9D793409-AB5F-43D4-955F-B44B94C7BE57}.Debug|Any CPU.Build.0 = Debug|Any CPU
		{9D793409-AB5F-43D4-955F-B44B94C7BE57}.Release|Any CPU.ActiveCfg = Release|Any CPU
		{9D793409-AB5F-43D4-955F-B44B94C7BE57}.Release|Any CPU.Build.0 = Release|Any CPU
		{ABB812F5-C104-45D1-B807-AB91D2AAD494}.Debug|Any CPU.ActiveCfg = Debug|Any CPU
		{ABB812F5-C104-45D1-B807-AB91D2AAD494}.Debug|Any CPU.Build.0 = Debug|Any CPU
		{ABB812F5-C104-45D1-B807-AB91D2AAD494}.Release|Any CPU.ActiveCfg = Release|Any CPU
		{ABB812F5-C104-45D1-B807-AB91D2AAD494}.Release|Any CPU.Build.0 = Release|Any CPU
		{4482333D-5FEF-4D5C-A630-095DEE97A0B2}.Debug|Any CPU.ActiveCfg = Debug|Any CPU
		{4482333D-5FEF-4D5C-A630-095DEE97A0B2}.Debug|Any CPU.Build.0 = Debug|Any CPU
		{4482333D-5FEF-4D5C-A630-095DEE97A0B2}.Release|Any CPU.ActiveCfg = Release|Any CPU
		{4482333D-5FEF-4D5C-A630-095DEE97A0B2}.Release|Any CPU.Build.0 = Release|Any CPU
	EndGlobalSection
EndGlobal
